
Microsoft Visual Studio Solution File, Format Version 11.00
# Visual Studio 2010
Project("{FAE04EC0-301F-11D3-BF4B-00C04F79EFBC}") = "NDolls.Core", "NDolls.Core\NDolls.Core.csproj", "{074999A0-6D75-407E-A758-84861CA5E454}"
EndProject
Project("{FAE04EC0-301F-11D3-BF4B-00C04F79EFBC}") = "NDolls.Data", "NDolls.Data\NDolls.Data.csproj", "{B0ABF5EC-7218-40B0-9550-6235C373A0A5}"
EndProject
Project("{2150E333-8FDC-42A3-9474-1A3956D46DE8}") = "NDolls", "NDolls", "{69CFD75A-F578-49C6-B0D5-E56BAC8C7B1D}"
EndProject
Project("{2150E333-8FDC-42A3-9474-1A3956D46DE8}") = "Test", "Test", "{65894266-1F94-41C2-A749-1D525BE5D49C}"
EndProject
Project("{FAE04EC0-301F-11D3-BF4B-00C04F79EFBC}") = "Test", "Test\Test.csproj", "{A5D7F44F-A6D2-4A5B-8E59-635E7BFD7B24}"
EndProject
Project("{FAE04EC0-301F-11D3-BF4B-00C04F79EFBC}") = "NDolls.Win", "NDolls.Win\NDolls.Win.csproj", "{13B022C9-CBAF-4A55-8620-84FFF25626A0}"
EndProject
Project("{FAE04EC0-301F-11D3-BF4B-00C04F79EFBC}") = "NDolls.NET", "NDolls.NET\NDolls.NET.csproj", "{19B2E2EF-0774-4388-8F7F-FE6F82D849A6}"
EndProject
Project("{FAE04EC0-301F-11D3-BF4B-00C04F79EFBC}") = "UtilTest", "UtilTest\UtilTest.csproj", "{B8D77F14-D401-4BBB-B662-40B3078F6873}"
EndProject
Global
	GlobalSection(SolutionConfigurationPlatforms) = preSolution
		Debug|Any CPU = Debug|Any CPU
		Debug|Mixed Platforms = Debug|Mixed Platforms
		Debug|x86 = Debug|x86
		Release|Any CPU = Release|Any CPU
		Release|Mixed Platforms = Release|Mixed Platforms
		Release|x86 = Release|x86
	EndGlobalSection
	GlobalSection(ProjectConfigurationPlatforms) = postSolution
		{074999A0-6D75-407E-A758-84861CA5E454}.Debug|Any CPU.ActiveCfg = Debug|Any CPU
		{074999A0-6D75-407E-A758-84861CA5E454}.Debug|Any CPU.Build.0 = Debug|Any CPU
		{074999A0-6D75-407E-A758-84861CA5E454}.Debug|Mixed Platforms.ActiveCfg = Debug|Any CPU
		{074999A0-6D75-407E-A758-84861CA5E454}.Debug|Mixed Platforms.Build.0 = Debug|Any CPU
		{074999A0-6D75-407E-A758-84861CA5E454}.Debug|x86.ActiveCfg = Debug|Any CPU
		{074999A0-6D75-407E-A758-84861CA5E454}.Release|Any CPU.ActiveCfg = Release|Any CPU
		{074999A0-6D75-407E-A758-84861CA5E454}.Release|Any CPU.Build.0 = Release|Any CPU
		{074999A0-6D75-407E-A758-84861CA5E454}.Release|Mixed Platforms.ActiveCfg = Release|Any CPU
		{074999A0-6D75-407E-A758-84861CA5E454}.Release|Mixed Platforms.Build.0 = Release|Any CPU
		{074999A0-6D75-407E-A758-84861CA5E454}.Release|x86.ActiveCfg = Release|Any CPU
		{B0ABF5EC-7218-40B0-9550-6235C373A0A5}.Debug|Any CPU.ActiveCfg = Debug|Any CPU
		{B0ABF5EC-7218-40B0-9550-6235C373A0A5}.Debug|Any CPU.Build.0 = Debug|Any CPU
		{B0ABF5EC-7218-40B0-9550-6235C373A0A5}.Debug|Mixed Platforms.ActiveCfg = Debug|Any CPU
		{B0ABF5EC-7218-40B0-9550-6235C373A0A5}.Debug|Mixed Platforms.Build.0 = Debug|Any CPU
		{B0ABF5EC-7218-40B0-9550-6235C373A0A5}.Debug|x86.ActiveCfg = Debug|Any CPU
		{B0ABF5EC-7218-40B0-9550-6235C373A0A5}.Release|Any CPU.ActiveCfg = Release|Any CPU
		{B0ABF5EC-7218-40B0-9550-6235C373A0A5}.Release|Any CPU.Build.0 = Release|Any CPU
		{B0ABF5EC-7218-40B0-9550-6235C373A0A5}.Release|Mixed Platforms.ActiveCfg = Release|Any CPU
		{B0ABF5EC-7218-40B0-9550-6235C373A0A5}.Release|Mixed Platforms.Build.0 = Release|Any CPU
		{B0ABF5EC-7218-40B0-9550-6235C373A0A5}.Release|x86.ActiveCfg = Release|Any CPU
		{A5D7F44F-A6D2-4A5B-8E59-635E7BFD7B24}.Debug|Any CPU.ActiveCfg = Debug|x86
		{A5D7F44F-A6D2-4A5B-8E59-635E7BFD7B24}.Debug|Mixed Platforms.ActiveCfg = Debug|x86
		{A5D7F44F-A6D2-4A5B-8E59-635E7BFD7B24}.Debug|Mixed Platforms.Build.0 = Debug|x86
		{A5D7F44F-A6D2-4A5B-8E59-635E7BFD7B24}.Debug|x86.ActiveCfg = Debug|x86
		{A5D7F44F-A6D2-4A5B-8E59-635E7BFD7B24}.Debug|x86.Build.0 = Debug|x86
		{A5D7F44F-A6D2-4A5B-8E59-635E7BFD7B24}.Release|Any CPU.ActiveCfg = Release|x86
		{A5D7F44F-A6D2-4A5B-8E59-635E7BFD7B24}.Release|Mixed Platforms.ActiveCfg = Release|x86
		{A5D7F44F-A6D2-4A5B-8E59-635E7BFD7B24}.Release|Mixed Platforms.Build.0 = Release|x86
		{A5D7F44F-A6D2-4A5B-8E59-635E7BFD7B24}.Release|x86.ActiveCfg = Release|x86
		{A5D7F44F-A6D2-4A5B-8E59-635E7BFD7B24}.Release|x86.Build.0 = Release|x86
		{13B022C9-CBAF-4A55-8620-84FFF25626A0}.Debug|Any CPU.ActiveCfg = Debug|Any CPU
		{13B022C9-CBAF-4A55-8620-84FFF25626A0}.Debug|Any CPU.Build.0 = Debug|Any CPU
		{13B022C9-CBAF-4A55-8620-84FFF25626A0}.Debug|Mixed Platforms.ActiveCfg = Debug|Any CPU
		{13B022C9-CBAF-4A55-8620-84FFF25626A0}.Debug|Mixed Platforms.Build.0 = Debug|Any CPU
		{13B022C9-CBAF-4A55-8620-84FFF25626A0}.Debug|x86.ActiveCfg = Debug|Any CPU
		{13B022C9-CBAF-4A55-8620-84FFF25626A0}.Release|Any CPU.ActiveCfg = Release|Any CPU
		{13B022C9-CBAF-4A55-8620-84FFF25626A0}.Release|Any CPU.Build.0 = Release|Any CPU
		{13B022C9-CBAF-4A55-8620-84FFF25626A0}.Release|Mixed Platforms.ActiveCfg = Release|Any CPU
		{13B022C9-CBAF-4A55-8620-84FFF25626A0}.Release|Mixed Platforms.Build.0 = Release|Any CPU
		{13B022C9-CBAF-4A55-8620-84FFF25626A0}.Release|x86.ActiveCfg = Release|Any CPU
		{19B2E2EF-0774-4388-8F7F-FE6F82D849A6}.Debug|Any CPU.ActiveCfg = Debug|Any CPU
		{19B2E2EF-0774-4388-8F7F-FE6F82D849A6}.Debug|Any CPU.Build.0 = Debug|Any CPU
		{19B2E2EF-0774-4388-8F7F-FE6F82D849A6}.Debug|Mixed Platforms.ActiveCfg = Debug|Any CPU
		{19B2E2EF-0774-4388-8F7F-FE6F82D849A6}.Debug|Mixed Platforms.Build.0 = Debug|Any CPU
		{19B2E2EF-0774-4388-8F7F-FE6F82D849A6}.Debug|x86.ActiveCfg = Debug|Any CPU
		{19B2E2EF-0774-4388-8F7F-FE6F82D849A6}.Release|Any CPU.ActiveCfg = Release|Any CPU
		{19B2E2EF-0774-4388-8F7F-FE6F82D849A6}.Release|Any CPU.Build.0 = Release|Any CPU
		{19B2E2EF-0774-4388-8F7F-FE6F82D849A6}.Release|Mixed Platforms.ActiveCfg = Release|Any CPU
		{19B2E2EF-0774-4388-8F7F-FE6F82D849A6}.Release|Mixed Platforms.Build.0 = Release|Any CPU
		{19B2E2EF-0774-4388-8F7F-FE6F82D849A6}.Release|x86.ActiveCfg = Release|Any CPU
		{B8D77F14-D401-4BBB-B662-40B3078F6873}.Debug|Any CPU.ActiveCfg = Debug|Any CPU
		{B8D77F14-D401-4BBB-B662-40B3078F6873}.Debug|Any CPU.Build.0 = Debug|Any CPU
		{B8D77F14-D401-4BBB-B662-40B3078F6873}.Debug|Mixed Platforms.ActiveCfg = Debug|x86
		{B8D77F14-D401-4BBB-B662-40B3078F6873}.Debug|Mixed Platforms.Build.0 = Debug|x86
		{B8D77F14-D401-4BBB-B662-40B3078F6873}.Debug|x86.ActiveCfg = Debug|x86
		{B8D77F14-D401-4BBB-B662-40B3078F6873}.Debug|x86.Build.0 = Debug|x86
		{B8D77F14-D401-4BBB-B662-40B3078F6873}.Release|Any CPU.ActiveCfg = Release|x86
		{B8D77F14-D401-4BBB-B662-40B3078F6873}.Release|Mixed Platforms.ActiveCfg = Release|x86
		{B8D77F14-D401-4BBB-B662-40B3078F6873}.Release|Mixed Platforms.Build.0 = Release|x86
		{B8D77F14-D401-4BBB-B662-40B3078F6873}.Release|x86.ActiveCfg = Release|x86
		{B8D77F14-D401-4BBB-B662-40B3078F6873}.Release|x86.Build.0 = Release|x86
	EndGlobalSection
	GlobalSection(SolutionProperties) = preSolution
		HideSolutionNode = FALSE
	EndGlobalSection
	GlobalSection(NestedProjects) = preSolution
		{B0ABF5EC-7218-40B0-9550-6235C373A0A5} = {69CFD75A-F578-49C6-B0D5-E56BAC8C7B1D}
		{074999A0-6D75-407E-A758-84861CA5E454} = {69CFD75A-F578-49C6-B0D5-E56BAC8C7B1D}
		{13B022C9-CBAF-4A55-8620-84FFF25626A0} = {69CFD75A-F578-49C6-B0D5-E56BAC8C7B1D}
		{19B2E2EF-0774-4388-8F7F-FE6F82D849A6} = {69CFD75A-F578-49C6-B0D5-E56BAC8C7B1D}
		{A5D7F44F-A6D2-4A5B-8E59-635E7BFD7B24} = {65894266-1F94-41C2-A749-1D525BE5D49C}
		{B8D77F14-D401-4BBB-B662-40B3078F6873} = {65894266-1F94-41C2-A749-1D525BE5D49C}
	EndGlobalSection
EndGlobal
