
Microsoft Visual Studio Solution File, Format Version 11.00
# Visual Studio 2010
Project("{FAE04EC0-301F-11D3-BF4B-00C04F79EFBC}") = "NDolls.Core", "NDolls.Core\NDolls.Core.csproj", "{074999A0-6D75-407E-A758-84861CA5E454}"
EndProject
Project("{2150E333-8FDC-42A3-9474-1A3956D46DE8}") = "NDolls", "NDolls", "{69CFD75A-F578-49C6-B0D5-E56BAC8C7B1D}"
EndProject
Project("{2150E333-8FDC-42A3-9474-1A3956D46DE8}") = "Test", "Test", "{65894266-1F94-41C2-A749-1D525BE5D49C}"
EndProject
Project("{FAE04EC0-301F-11D3-BF4B-00C04F79EFBC}") = "Test", "Test\Test.csproj", "{A5D7F44F-A6D2-4A5B-8E59-635E7BFD7B24}"
EndProject
Project("{FAE04EC0-301F-11D3-BF4B-00C04F79EFBC}") = "NDolls.NET", "NDolls.NET\NDolls.NET.csproj", "{19B2E2EF-0774-4388-8F7F-FE6F82D849A6}"
EndProject
Project("{FAE04EC0-301F-11D3-BF4B-00C04F79EFBC}") = "UtilTest", "UtilTest\UtilTest.csproj", "{B8D77F14-D401-4BBB-B662-40B3078F6873}"
EndProject
Project("{FAE04EC0-301F-11D3-BF4B-00C04F79EFBC}") = "Test.Model", "Test.Model\Test.Model.csproj", "{A50531B6-4F75-4EB1-AE82-98E2D40B6D3E}"
EndProject
Project("{FAE04EC0-301F-11D3-BF4B-00C04F79EFBC}") = "NDolls.Data", "NDolls.Data\NDolls.Data.csproj", "{B0ABF5EC-7218-40B0-9550-6235C373A0A5}"
EndProject
Project("{FAE04EC0-301F-11D3-BF4B-00C04F79EFBC}") = "NDolls.Forms", "NDolls.Forms\NDolls.Forms.csproj", "{13B022C9-CBAF-4A55-8620-84FFF25626A0}"
EndProject
Project("{FAE04EC0-301F-11D3-BF4B-00C04F79EFBC}") = "Sample.Data", "Sample.Data\Sample.Data.csproj", "{892805F2-614B-4655-8A3A-74CA4ADFC2FA}"
EndProject
Project("{2150E333-8FDC-42A3-9474-1A3956D46DE8}") = "Samples", "Samples", "{5F23A145-DA38-4E0F-A207-17380AEACA34}"
EndProject
Project("{FAE04EC0-301F-11D3-BF4B-00C04F79EFBC}") = "NDolls.Cache", "NDolls.Cache\NDolls.Cache.csproj", "{6DD1DA88-4625-4B0E-B938-6BBBA1560B9F}"
EndProject
Project("{FAE04EC0-301F-11D3-BF4B-00C04F79EFBC}") = "NDolls.Auth", "NDolls.Auth\NDolls.Auth.csproj", "{33664402-36D4-40FD-97C0-7B32EDB7D22A}"
EndProject
Global
	GlobalSection(SolutionConfigurationPlatforms) = preSolution
		Debug|Any CPU = Debug|Any CPU
		Debug|Mixed Platforms = Debug|Mixed Platforms
		Debug|x86 = Debug|x86
		Release|Any CPU = Release|Any CPU
		Release|Mixed Platforms = Release|Mixed Platforms
		Release|x86 = Release|x86
	EndGlobalSection
	GlobalSection(ProjectConfigurationPlatforms) = postSolution
		{074999A0-6D75-407E-A758-84861CA5E454}.Debug|Any CPU.ActiveCfg = Debug|Any CPU
		{074999A0-6D75-407E-A758-84861CA5E454}.Debug|Any CPU.Build.0 = Debug|Any CPU
		{074999A0-6D75-407E-A758-84861CA5E454}.Debug|Mixed Platforms.ActiveCfg = Debug|Any CPU
		{074999A0-6D75-407E-A758-84861CA5E454}.Debug|Mixed Platforms.Build.0 = Debug|Any CPU
		{074999A0-6D75-407E-A758-84861CA5E454}.Debug|x86.ActiveCfg = Debug|Any CPU
		{074999A0-6D75-407E-A758-84861CA5E454}.Release|Any CPU.ActiveCfg = Release|Any CPU
		{074999A0-6D75-407E-A758-84861CA5E454}.Release|Any CPU.Build.0 = Release|Any CPU
		{074999A0-6D75-407E-A758-84861CA5E454}.Release|Mixed Platforms.ActiveCfg = Release|Any CPU
		{074999A0-6D75-407E-A758-84861CA5E454}.Release|Mixed Platforms.Build.0 = Release|Any CPU
		{074999A0-6D75-407E-A758-84861CA5E454}.Release|x86.ActiveCfg = Release|Any CPU
		{A5D7F44F-A6D2-4A5B-8E59-635E7BFD7B24}.Debug|Any CPU.ActiveCfg = Debug|x86
		{A5D7F44F-A6D2-4A5B-8E59-635E7BFD7B24}.Debug|Any CPU.Build.0 = Debug|x86
		{A5D7F44F-A6D2-4A5B-8E59-635E7BFD7B24}.Debug|Mixed Platforms.ActiveCfg = Debug|x86
		{A5D7F44F-A6D2-4A5B-8E59-635E7BFD7B24}.Debug|Mixed Platforms.Build.0 = Debug|x86
		{A5D7F44F-A6D2-4A5B-8E59-635E7BFD7B24}.Debug|x86.ActiveCfg = Debug|x86
		{A5D7F44F-A6D2-4A5B-8E59-635E7BFD7B24}.Debug|x86.Build.0 = Debug|x86
		{A5D7F44F-A6D2-4A5B-8E59-635E7BFD7B24}.Release|Any CPU.ActiveCfg = Release|x86
		{A5D7F44F-A6D2-4A5B-8E59-635E7BFD7B24}.Release|Mixed Platforms.ActiveCfg = Release|x86
		{A5D7F44F-A6D2-4A5B-8E59-635E7BFD7B24}.Release|Mixed Platforms.Build.0 = Release|x86
		{A5D7F44F-A6D2-4A5B-8E59-635E7BFD7B24}.Release|x86.ActiveCfg = Release|x86
		{A5D7F44F-A6D2-4A5B-8E59-635E7BFD7B24}.Release|x86.Build.0 = Release|x86
		{19B2E2EF-0774-4388-8F7F-FE6F82D849A6}.Debug|Any CPU.ActiveCfg = Debug|Any CPU
		{19B2E2EF-0774-4388-8F7F-FE6F82D849A6}.Debug|Any CPU.Build.0 = Debug|Any CPU
		{19B2E2EF-0774-4388-8F7F-FE6F82D849A6}.Debug|Mixed Platforms.ActiveCfg = Debug|Any CPU
		{19B2E2EF-0774-4388-8F7F-FE6F82D849A6}.Debug|Mixed Platforms.Build.0 = Debug|Any CPU
		{19B2E2EF-0774-4388-8F7F-FE6F82D849A6}.Debug|x86.ActiveCfg = Debug|Any CPU
		{19B2E2EF-0774-4388-8F7F-FE6F82D849A6}.Release|Any CPU.ActiveCfg = Release|Any CPU
		{19B2E2EF-0774-4388-8F7F-FE6F82D849A6}.Release|Any CPU.Build.0 = Release|Any CPU
		{19B2E2EF-0774-4388-8F7F-FE6F82D849A6}.Release|Mixed Platforms.ActiveCfg = Release|Any CPU
		{19B2E2EF-0774-4388-8F7F-FE6F82D849A6}.Release|Mixed Platforms.Build.0 = Release|Any CPU
		{19B2E2EF-0774-4388-8F7F-FE6F82D849A6}.Release|x86.ActiveCfg = Release|Any CPU
		{B8D77F14-D401-4BBB-B662-40B3078F6873}.Debug|Any CPU.ActiveCfg = Debug|Any CPU
		{B8D77F14-D401-4BBB-B662-40B3078F6873}.Debug|Any CPU.Build.0 = Debug|Any CPU
		{B8D77F14-D401-4BBB-B662-40B3078F6873}.Debug|Mixed Platforms.ActiveCfg = Debug|x86
		{B8D77F14-D401-4BBB-B662-40B3078F6873}.Debug|Mixed Platforms.Build.0 = Debug|x86
		{B8D77F14-D401-4BBB-B662-40B3078F6873}.Debug|x86.ActiveCfg = Debug|x86
		{B8D77F14-D401-4BBB-B662-40B3078F6873}.Debug|x86.Build.0 = Debug|x86
		{B8D77F14-D401-4BBB-B662-40B3078F6873}.Release|Any CPU.ActiveCfg = Release|x86
		{B8D77F14-D401-4BBB-B662-40B3078F6873}.Release|Mixed Platforms.ActiveCfg = Release|x86
		{B8D77F14-D401-4BBB-B662-40B3078F6873}.Release|Mixed Platforms.Build.0 = Release|x86
		{B8D77F14-D401-4BBB-B662-40B3078F6873}.Release|x86.ActiveCfg = Release|x86
		{B8D77F14-D401-4BBB-B662-40B3078F6873}.Release|x86.Build.0 = Release|x86
		{A50531B6-4F75-4EB1-AE82-98E2D40B6D3E}.Debug|Any CPU.ActiveCfg = Debug|Any CPU
		{A50531B6-4F75-4EB1-AE82-98E2D40B6D3E}.Debug|Any CPU.Build.0 = Debug|Any CPU
		{A50531B6-4F75-4EB1-AE82-98E2D40B6D3E}.Debug|Mixed Platforms.ActiveCfg = Debug|Any CPU
		{A50531B6-4F75-4EB1-AE82-98E2D40B6D3E}.Debug|Mixed Platforms.Build.0 = Debug|Any CPU
		{A50531B6-4F75-4EB1-AE82-98E2D40B6D3E}.Debug|x86.ActiveCfg = Debug|Any CPU
		{A50531B6-4F75-4EB1-AE82-98E2D40B6D3E}.Release|Any CPU.ActiveCfg = Release|Any CPU
		{A50531B6-4F75-4EB1-AE82-98E2D40B6D3E}.Release|Any CPU.Build.0 = Release|Any CPU
		{A50531B6-4F75-4EB1-AE82-98E2D40B6D3E}.Release|Mixed Platforms.ActiveCfg = Release|Any CPU
		{A50531B6-4F75-4EB1-AE82-98E2D40B6D3E}.Release|Mixed Platforms.Build.0 = Release|Any CPU
		{A50531B6-4F75-4EB1-AE82-98E2D40B6D3E}.Release|x86.ActiveCfg = Release|Any CPU
		{B0ABF5EC-7218-40B0-9550-6235C373A0A5}.Debug|Any CPU.ActiveCfg = Debug|Any CPU
		{B0ABF5EC-7218-40B0-9550-6235C373A0A5}.Debug|Any CPU.Build.0 = Debug|Any CPU
		{B0ABF5EC-7218-40B0-9550-6235C373A0A5}.Debug|Mixed Platforms.ActiveCfg = Debug|Any CPU
		{B0ABF5EC-7218-40B0-9550-6235C373A0A5}.Debug|Mixed Platforms.Build.0 = Debug|Any CPU
		{B0ABF5EC-7218-40B0-9550-6235C373A0A5}.Debug|x86.ActiveCfg = Debug|Any CPU
		{B0ABF5EC-7218-40B0-9550-6235C373A0A5}.Release|Any CPU.ActiveCfg = Release|Any CPU
		{B0ABF5EC-7218-40B0-9550-6235C373A0A5}.Release|Any CPU.Build.0 = Release|Any CPU
		{B0ABF5EC-7218-40B0-9550-6235C373A0A5}.Release|Mixed Platforms.ActiveCfg = Release|Any CPU
		{B0ABF5EC-7218-40B0-9550-6235C373A0A5}.Release|Mixed Platforms.Build.0 = Release|Any CPU
		{B0ABF5EC-7218-40B0-9550-6235C373A0A5}.Release|x86.ActiveCfg = Release|Any CPU
		{13B022C9-CBAF-4A55-8620-84FFF25626A0}.Debug|Any CPU.ActiveCfg = Debug|Any CPU
		{13B022C9-CBAF-4A55-8620-84FFF25626A0}.Debug|Any CPU.Build.0 = Debug|Any CPU
		{13B022C9-CBAF-4A55-8620-84FFF25626A0}.Debug|Mixed Platforms.ActiveCfg = Debug|Any CPU
		{13B022C9-CBAF-4A55-8620-84FFF25626A0}.Debug|Mixed Platforms.Build.0 = Debug|Any CPU
		{13B022C9-CBAF-4A55-8620-84FFF25626A0}.Debug|x86.ActiveCfg = Debug|Any CPU
		{13B022C9-CBAF-4A55-8620-84FFF25626A0}.Release|Any CPU.ActiveCfg = Release|Any CPU
		{13B022C9-CBAF-4A55-8620-84FFF25626A0}.Release|Any CPU.Build.0 = Release|Any CPU
		{13B022C9-CBAF-4A55-8620-84FFF25626A0}.Release|Mixed Platforms.ActiveCfg = Release|Any CPU
		{13B022C9-CBAF-4A55-8620-84FFF25626A0}.Release|Mixed Platforms.Build.0 = Release|Any CPU
		{13B022C9-CBAF-4A55-8620-84FFF25626A0}.Release|x86.ActiveCfg = Release|Any CPU
		{892805F2-614B-4655-8A3A-74CA4ADFC2FA}.Debug|Any CPU.ActiveCfg = Debug|x86
		{892805F2-614B-4655-8A3A-74CA4ADFC2FA}.Debug|Mixed Platforms.ActiveCfg = Debug|x86
		{892805F2-614B-4655-8A3A-74CA4ADFC2FA}.Debug|Mixed Platforms.Build.0 = Debug|x86
		{892805F2-614B-4655-8A3A-74CA4ADFC2FA}.Debug|x86.ActiveCfg = Debug|x86
		{892805F2-614B-4655-8A3A-74CA4ADFC2FA}.Debug|x86.Build.0 = Debug|x86
		{892805F2-614B-4655-8A3A-74CA4ADFC2FA}.Release|Any CPU.ActiveCfg = Release|x86
		{892805F2-614B-4655-8A3A-74CA4ADFC2FA}.Release|Mixed Platforms.ActiveCfg = Release|x86
		{892805F2-614B-4655-8A3A-74CA4ADFC2FA}.Release|Mixed Platforms.Build.0 = Release|x86
		{892805F2-614B-4655-8A3A-74CA4ADFC2FA}.Release|x86.ActiveCfg = Release|x86
		{892805F2-614B-4655-8A3A-74CA4ADFC2FA}.Release|x86.Build.0 = Release|x86
		{6DD1DA88-4625-4B0E-B938-6BBBA1560B9F}.Debug|Any CPU.ActiveCfg = Debug|Any CPU
		{6DD1DA88-4625-4B0E-B938-6BBBA1560B9F}.Debug|Any CPU.Build.0 = Debug|Any CPU
		{6DD1DA88-4625-4B0E-B938-6BBBA1560B9F}.Debug|Mixed Platforms.ActiveCfg = Debug|Any CPU
		{6DD1DA88-4625-4B0E-B938-6BBBA1560B9F}.Debug|Mixed Platforms.Build.0 = Debug|Any CPU
		{6DD1DA88-4625-4B0E-B938-6BBBA1560B9F}.Debug|x86.ActiveCfg = Debug|Any CPU
		{6DD1DA88-4625-4B0E-B938-6BBBA1560B9F}.Release|Any CPU.ActiveCfg = Release|Any CPU
		{6DD1DA88-4625-4B0E-B938-6BBBA1560B9F}.Release|Any CPU.Build.0 = Release|Any CPU
		{6DD1DA88-4625-4B0E-B938-6BBBA1560B9F}.Release|Mixed Platforms.ActiveCfg = Release|Any CPU
		{6DD1DA88-4625-4B0E-B938-6BBBA1560B9F}.Release|Mixed Platforms.Build.0 = Release|Any CPU
		{6DD1DA88-4625-4B0E-B938-6BBBA1560B9F}.Release|x86.ActiveCfg = Release|Any CPU
		{33664402-36D4-40FD-97C0-7B32EDB7D22A}.Debug|Any CPU.ActiveCfg = Debug|Any CPU
		{33664402-36D4-40FD-97C0-7B32EDB7D22A}.Debug|Any CPU.Build.0 = Debug|Any CPU
		{33664402-36D4-40FD-97C0-7B32EDB7D22A}.Debug|Mixed Platforms.ActiveCfg = Debug|Any CPU
		{33664402-36D4-40FD-97C0-7B32EDB7D22A}.Debug|Mixed Platforms.Build.0 = Debug|Any CPU
		{33664402-36D4-40FD-97C0-7B32EDB7D22A}.Debug|x86.ActiveCfg = Debug|Any CPU
		{33664402-36D4-40FD-97C0-7B32EDB7D22A}.Release|Any CPU.ActiveCfg = Release|Any CPU
		{33664402-36D4-40FD-97C0-7B32EDB7D22A}.Release|Any CPU.Build.0 = Release|Any CPU
		{33664402-36D4-40FD-97C0-7B32EDB7D22A}.Release|Mixed Platforms.ActiveCfg = Release|Any CPU
		{33664402-36D4-40FD-97C0-7B32EDB7D22A}.Release|Mixed Platforms.Build.0 = Release|Any CPU
		{33664402-36D4-40FD-97C0-7B32EDB7D22A}.Release|x86.ActiveCfg = Release|Any CPU
	EndGlobalSection
	GlobalSection(SolutionProperties) = preSolution
		HideSolutionNode = FALSE
	EndGlobalSection
	GlobalSection(NestedProjects) = preSolution
		{074999A0-6D75-407E-A758-84861CA5E454} = {69CFD75A-F578-49C6-B0D5-E56BAC8C7B1D}
		{19B2E2EF-0774-4388-8F7F-FE6F82D849A6} = {69CFD75A-F578-49C6-B0D5-E56BAC8C7B1D}
		{B0ABF5EC-7218-40B0-9550-6235C373A0A5} = {69CFD75A-F578-49C6-B0D5-E56BAC8C7B1D}
		{13B022C9-CBAF-4A55-8620-84FFF25626A0} = {69CFD75A-F578-49C6-B0D5-E56BAC8C7B1D}
		{6DD1DA88-4625-4B0E-B938-6BBBA1560B9F} = {69CFD75A-F578-49C6-B0D5-E56BAC8C7B1D}
		{33664402-36D4-40FD-97C0-7B32EDB7D22A} = {69CFD75A-F578-49C6-B0D5-E56BAC8C7B1D}
		{A5D7F44F-A6D2-4A5B-8E59-635E7BFD7B24} = {65894266-1F94-41C2-A749-1D525BE5D49C}
		{B8D77F14-D401-4BBB-B662-40B3078F6873} = {65894266-1F94-41C2-A749-1D525BE5D49C}
		{A50531B6-4F75-4EB1-AE82-98E2D40B6D3E} = {65894266-1F94-41C2-A749-1D525BE5D49C}
		{892805F2-614B-4655-8A3A-74CA4ADFC2FA} = {5F23A145-DA38-4E0F-A207-17380AEACA34}
	EndGlobalSection
EndGlobal
